// !$*UTF8*$!
{
	archiveVersion = 1;
	classes = {
	};
	objectVersion = 46;
	objects = {

/* Begin PBXBuildFile section */
		1A8A18F5164C1C46001122EF /* UIKit.framework in Frameworks */ = {isa = PBXBuildFile; fileRef = 1A8A18F4164C1C46001122EF /* UIKit.framework */; };
		1A8A18F7164C1C46001122EF /* Foundation.framework in Frameworks */ = {isa = PBXBuildFile; fileRef = 1A8A18F6164C1C46001122EF /* Foundation.framework */; };
		1A8A18F9164C1C46001122EF /* CoreGraphics.framework in Frameworks */ = {isa = PBXBuildFile; fileRef = 1A8A18F8164C1C46001122EF /* CoreGraphics.framework */; };
		1A8A18FF164C1C46001122EF /* InfoPlist.strings in Resources */ = {isa = PBXBuildFile; fileRef = 1A8A18FD164C1C46001122EF /* InfoPlist.strings */; };
		1A8A1901164C1C46001122EF /* main.m in Sources */ = {isa = PBXBuildFile; fileRef = 1A8A1900164C1C46001122EF /* main.m */; };
		1A8A1905164C1C46001122EF /* AppDelegate.m in Sources */ = {isa = PBXBuildFile; fileRef = 1A8A1904164C1C46001122EF /* AppDelegate.m */; };
		1A8A1907164C1C46001122EF /* Default.png in Resources */ = {isa = PBXBuildFile; fileRef = 1A8A1906164C1C46001122EF /* Default.png */; };
		1A8A1909164C1C46001122EF /* Default@2x.png in Resources */ = {isa = PBXBuildFile; fileRef = 1A8A1908164C1C46001122EF /* Default@2x.png */; };
		1A8A190B164C1C47001122EF /* Default-568h@2x.png in Resources */ = {isa = PBXBuildFile; fileRef = 1A8A190A164C1C47001122EF /* Default-568h@2x.png */; };
		1A8A190E164C1C47001122EF /* ViewController.m in Sources */ = {isa = PBXBuildFile; fileRef = 1A8A190D164C1C47001122EF /* ViewController.m */; };
		1A8A1911164C1C47001122EF /* ViewController.xib in Resources */ = {isa = PBXBuildFile; fileRef = 1A8A190F164C1C47001122EF /* ViewController.xib */; };
		1A8A1918164C1C67001122EF /* QuartzCore.framework in Frameworks */ = {isa = PBXBuildFile; fileRef = 1A8A1917164C1C67001122EF /* QuartzCore.framework */; };
		1A8A191B164C1CA5001122EF /* ParticleView.m in Sources */ = {isa = PBXBuildFile; fileRef = 1A8A191A164C1CA5001122EF /* ParticleView.m */; };
		1A8A191E164C1EB5001122EF /* Particles_fire.png in Resources */ = {isa = PBXBuildFile; fileRef = 1A8A191D164C1EB5001122EF /* Particles_fire.png */; };
/* End PBXBuildFile section */

/* Begin PBXFileReference section */
		1A8A18F0164C1C46001122EF /* Draw With Fire.app */ = {isa = PBXFileReference; explicitFileType = wrapper.application; includeInIndex = 0; path = "Draw With Fire.app"; sourceTree = BUILT_PRODUCTS_DIR; };
		1A8A18F4164C1C46001122EF /* UIKit.framework */ = {isa = PBXFileReference; lastKnownFileType = wrapper.framework; name = UIKit.framework; path = System/Library/Frameworks/UIKit.framework; sourceTree = SDKROOT; };
		1A8A18F6164C1C46001122EF /* Foundation.framework */ = {isa = PBXFileReference; lastKnownFileType = wrapper.framework; name = Foundation.framework; path = System/Library/Frameworks/Foundation.framework; sourceTree = SDKROOT; };
		1A8A18F8164C1C46001122EF /* CoreGraphics.framework */ = {isa = PBXFileReference; lastKnownFileType = wrapper.framework; name = CoreGraphics.framework; path = System/Library/Frameworks/CoreGraphics.framework; sourceTree = SDKROOT; };
		1A8A18FC164C1C46001122EF /* Draw With Fire-Info.plist */ = {isa = PBXFileReference; lastKnownFileType = text.plist.xml; path = "Draw With Fire-Info.plist"; sourceTree = "<group>"; };
		1A8A18FE164C1C46001122EF /* en */ = {isa = PBXFileReference; lastKnownFileType = text.plist.strings; name = en; path = en.lproj/InfoPlist.strings; sourceTree = "<group>"; };
		1A8A1900164C1C46001122EF /* main.m */ = {isa = PBXFileReference; lastKnownFileType = sourcecode.c.objc; path = main.m; sourceTree = "<group>"; };
		1A8A1902164C1C46001122EF /* Draw With Fire-Prefix.pch */ = {isa = PBXFileReference; lastKnownFileType = sourcecode.c.h; path = "Draw With Fire-Prefix.pch"; sourceTree = "<group>"; };
		1A8A1903164C1C46001122EF /* AppDelegate.h */ = {isa = PBXFileReference; lastKnownFileType = sourcecode.c.h; path = AppDelegate.h; sourceTree = "<group>"; };
		1A8A1904164C1C46001122EF /* AppDelegate.m */ = {isa = PBXFileReference; lastKnownFileType = sourcecode.c.objc; path = AppDelegate.m; sourceTree = "<group>"; };
		1A8A1906164C1C46001122EF /* Default.png */ = {isa = PBXFileReference; lastKnownFileType = image.png; path = Default.png; sourceTree = "<group>"; };
		1A8A1908164C1C46001122EF /* Default@2x.png */ = {isa = PBXFileReference; lastKnownFileType = image.png; path = "Default@2x.png"; sourceTree = "<group>"; };
		1A8A190A164C1C47001122EF /* Default-568h@2x.png */ = {isa = PBXFileReference; lastKnownFileType = image.png; path = "Default-568h@2x.png"; sourceTree = "<group>"; };
		1A8A190C164C1C47001122EF /* ViewController.h */ = {isa = PBXFileReference; lastKnownFileType = sourcecode.c.h; path = ViewController.h; sourceTree = "<group>"; };
		1A8A190D164C1C47001122EF /* ViewController.m */ = {isa = PBXFileReference; lastKnownFileType = sourcecode.c.objc; path = ViewController.m; sourceTree = "<group>"; };
		1A8A1910164C1C47001122EF /* en */ = {isa = PBXFileReference; lastKnownFileType = file.xib; name = en; path = en.lproj/ViewController.xib; sourceTree = "<group>"; };
		1A8A1917164C1C67001122EF /* QuartzCore.framework */ = {isa = PBXFileReference; lastKnownFileType = wrapper.framework; name = QuartzCore.framework; path = System/Library/Frameworks/QuartzCore.framework; sourceTree = SDKROOT; };
		1A8A1919164C1CA5001122EF /* ParticleView.h */ = {isa = PBXFileReference; fileEncoding = 4; lastKnownFileType = sourcecode.c.h; path = ParticleView.h; sourceTree = "<group>"; };
		1A8A191A164C1CA5001122EF /* ParticleView.m */ = {isa = PBXFileReference; fileEncoding = 4; lastKnownFileType = sourcecode.c.objc; path = ParticleView.m; sourceTree = "<group>"; };
		1A8A191D164C1EB5001122EF /* Particles_fire.png */ = {isa = PBXFileReference; lastKnownFileType = image.png; name = Particles_fire.png; path = "Draw With Fire/Resources/Particles_fire.png"; sourceTree = "<group>"; };
/* End PBXFileReference section */

/* Begin PBXFrameworksBuildPhase section */
		1A8A18ED164C1C46001122EF /* Frameworks */ = {
			isa = PBXFrameworksBuildPhase;
			buildActionMask = 2147483647;
			files = (
				1A8A1918164C1C67001122EF /* QuartzCore.framework in Frameworks */,
				1A8A18F5164C1C46001122EF /* UIKit.framework in Frameworks */,
				1A8A18F7164C1C46001122EF /* Foundation.framework in Frameworks */,
				1A8A18F9164C1C46001122EF /* CoreGraphics.framework in Frameworks */,
			);
			runOnlyForDeploymentPostprocessing = 0;
		};
/* End PBXFrameworksBuildPhase section */

/* Begin PBXGroup section */
		1A8A18E5164C1C46001122EF = {
			isa = PBXGroup;
			children = (
				1A8A191C164C1E71001122EF /* Resources */,
				1A8A18FA164C1C46001122EF /* Draw With Fire */,
				1A8A18F3164C1C46001122EF /* Frameworks */,
				1A8A18F1164C1C46001122EF /* Products */,
			);
			sourceTree = "<group>";
		};
		1A8A18F1164C1C46001122EF /* Products */ = {
			isa = PBXGroup;
			children = (
				1A8A18F0164C1C46001122EF /* Draw With Fire.app */,
			);
			name = Products;
			sourceTree = "<group>";
		};
		1A8A18F3164C1C46001122EF /* Frameworks */ = {
			isa = PBXGroup;
			children = (
				1A8A1917164C1C67001122EF /* QuartzCore.framework */,
				1A8A18F4164C1C46001122EF /* UIKit.framework */,
				1A8A18F6164C1C46001122EF /* Foundation.framework */,
				1A8A18F8164C1C46001122EF /* CoreGraphics.framework */,
			);
			name = Frameworks;
			sourceTree = "<group>";
		};
		1A8A18FA164C1C46001122EF /* Draw With Fire */ = {
			isa = PBXGroup;
			children = (
				1A8A191F164C1EBC001122EF /* App Delegate */,
				1A8A1920164C1EC8001122EF /* Default MVC */,
				1A8A18FB164C1C46001122EF /* Supporting Files */,
				1A8A1921164C1EFF001122EF /* Particle View */,
			);
			path = "Draw With Fire";
			sourceTree = "<group>";
		};
		1A8A18FB164C1C46001122EF /* Supporting Files */ = {
			isa = PBXGroup;
			children = (
				1A8A18FC164C1C46001122EF /* Draw With Fire-Info.plist */,
				1A8A18FD164C1C46001122EF /* InfoPlist.strings */,
				1A8A1900164C1C46001122EF /* main.m */,
				1A8A1902164C1C46001122EF /* Draw With Fire-Prefix.pch */,
				1A8A1906164C1C46001122EF /* Default.png */,
				1A8A1908164C1C46001122EF /* Default@2x.png */,
				1A8A190A164C1C47001122EF /* Default-568h@2x.png */,
			);
			name = "Supporting Files";
			sourceTree = "<group>";
		};
		1A8A191C164C1E71001122EF /* Resources */ = {
			isa = PBXGroup;
			children = (
				1A8A191D164C1EB5001122EF /* Particles_fire.png */,
			);
			name = Resources;
			sourceTree = "<group>";
		};
		1A8A191F164C1EBC001122EF /* App Delegate */ = {
			isa = PBXGroup;
			children = (
				1A8A1903164C1C46001122EF /* AppDelegate.h */,
				1A8A1904164C1C46001122EF /* AppDelegate.m */,
			);
			name = "App Delegate";
			sourceTree = "<group>";
		};
		1A8A1920164C1EC8001122EF /* Default MVC */ = {
			isa = PBXGroup;
			children = (
				1A8A190C164C1C47001122EF /* ViewController.h */,
				1A8A190D164C1C47001122EF /* ViewController.m */,
				1A8A190F164C1C47001122EF /* ViewController.xib */,
			);
			name = "Default MVC";
			sourceTree = "<group>";
		};
		1A8A1921164C1EFF001122EF /* Particle View */ = {
			isa = PBXGroup;
			children = (
				1A8A1919164C1CA5001122EF /* ParticleView.h */,
				1A8A191A164C1CA5001122EF /* ParticleView.m */,
			);
			name = "Particle View";
			sourceTree = "<group>";
		};
/* End PBXGroup section */

/* Begin PBXNativeTarget section */
		1A8A18EF164C1C46001122EF /* Draw With Fire */ = {
			isa = PBXNativeTarget;
			buildConfigurationList = 1A8A1914164C1C47001122EF /* Build configuration list for PBXNativeTarget "Draw With Fire" */;
			buildPhases = (
				1A8A18EC164C1C46001122EF /* Sources */,
				1A8A18ED164C1C46001122EF /* Frameworks */,
				1A8A18EE164C1C46001122EF /* Resources */,
			);
			buildRules = (
			);
			dependencies = (
			);
			name = "Draw With Fire";
			productName = "Draw With Fire";
			productReference = 1A8A18F0164C1C46001122EF /* Draw With Fire.app */;
			productType = "com.apple.product-type.application";
		};
/* End PBXNativeTarget section */

/* Begin PBXProject section */
		1A8A18E7164C1C46001122EF /* Project object */ = {
			isa = PBXProject;
			attributes = {
				LastUpgradeCheck = 0450;
				ORGANIZATIONNAME = "&Beyond";
			};
			buildConfigurationList = 1A8A18EA164C1C46001122EF /* Build configuration list for PBXProject "Draw With Fire" */;
			compatibilityVersion = "Xcode 3.2";
			developmentRegion = English;
			hasScannedForEncodings = 0;
			knownRegions = (
				en,
			);
			mainGroup = 1A8A18E5164C1C46001122EF;
			productRefGroup = 1A8A18F1164C1C46001122EF /* Products */;
			projectDirPath = "";
			projectRoot = "";
			targets = (
				1A8A18EF164C1C46001122EF /* Draw With Fire */,
			);
		};
/* End PBXProject section */

/* Begin PBXResourcesBuildPhase section */
		1A8A18EE164C1C46001122EF /* Resources */ = {
			isa = PBXResourcesBuildPhase;
			buildActionMask = 2147483647;
			files = (
				1A8A18FF164C1C46001122EF /* InfoPlist.strings in Resources */,
				1A8A1907164C1C46001122EF /* Default.png in Resources */,
				1A8A1909164C1C46001122EF /* Default@2x.png in Resources */,
				1A8A190B164C1C47001122EF /* Default-568h@2x.png in Resources */,
				1A8A1911164C1C47001122EF /* ViewController.xib in Resources */,
				1A8A191E164C1EB5001122EF /* Particles_fire.png in Resources */,
			);
			runOnlyForDeploymentPostprocessing = 0;
		};
/* End PBXResourcesBuildPhase section */

/* Begin PBXSourcesBuildPhase section */
		1A8A18EC164C1C46001122EF /* Sources */ = {
			isa = PBXSourcesBuildPhase;
			buildActionMask = 2147483647;
			files = (
				1A8A1901164C1C46001122EF /* main.m in Sources */,
				1A8A1905164C1C46001122EF /* AppDelegate.m in Sources */,
				1A8A190E164C1C47001122EF /* ViewController.m in Sources */,
				1A8A191B164C1CA5001122EF /* ParticleView.m in Sources */,
			);
			runOnlyForDeploymentPostprocessing = 0;
		};
/* End PBXSourcesBuildPhase section */

/* Begin PBXVariantGroup section */
		1A8A18FD164C1C46001122EF /* InfoPlist.strings */ = {
			isa = PBXVariantGroup;
			children = (
				1A8A18FE164C1C46001122EF /* en */,
			);
			name = InfoPlist.strings;
			sourceTree = "<group>";
		};
		1A8A190F164C1C47001122EF /* ViewController.xib */ = {
			isa = PBXVariantGroup;
			children = (
				1A8A1910164C1C47001122EF /* en */,
			);
			name = ViewController.xib;
			sourceTree = "<group>";
		};
/* End PBXVariantGroup section */

/* Begin XCBuildConfiguration section */
		1A8A1912164C1C47001122EF /* Debug */ = {
			isa = XCBuildConfiguration;
			buildSettings = {
				ALWAYS_SEARCH_USER_PATHS = NO;
				CLANG_CXX_LANGUAGE_STANDARD = "gnu++0x";
				CLANG_CXX_LIBRARY = "libc++";
				CLANG_ENABLE_OBJC_ARC = YES;
				CLANG_WARN_EMPTY_BODY = YES;
				CLANG_WARN__DUPLICATE_METHOD_MATCH = YES;
				"CODE_SIGN_IDENTITY[sdk=iphoneos*]" = "iPhone Developer";
				COPY_PHASE_STRIP = NO;
				GCC_C_LANGUAGE_STANDARD = gnu99;
				GCC_DYNAMIC_NO_PIC = NO;
				GCC_OPTIMIZATION_LEVEL = 0;
				GCC_PREPROCESSOR_DEFINITIONS = (
					"DEBUG=1",
					"$(inherited)",
				);
				GCC_SYMBOLS_PRIVATE_EXTERN = NO;
				GCC_WARN_ABOUT_RETURN_TYPE = YES;
				GCC_WARN_UNINITIALIZED_AUTOS = YES;
				GCC_WARN_UNUSED_VARIABLE = YES;
				IPHONEOS_DEPLOYMENT_TARGET = 6.0;
				ONLY_ACTIVE_ARCH = YES;
				SDKROOT = iphoneos;
			};
			name = Debug;
		};
		1A8A1913164C1C47001122EF /* Release */ = {
			isa = XCBuildConfiguration;
			buildSettings = {
				ALWAYS_SEARCH_USER_PATHS = NO;
				CLANG_CXX_LANGUAGE_STANDARD = "gnu++0x";
				CLANG_CXX_LIBRARY = "libc++";
				CLANG_ENABLE_OBJC_ARC = YES;
				CLANG_WARN_EMPTY_BODY = YES;
				CLANG_WARN__DUPLICATE_METHOD_MATCH = YES;
				"CODE_SIGN_IDENTITY[sdk=iphoneos*]" = "iPhone Developer";
				COPY_PHASE_STRIP = YES;
				GCC_C_LANGUAGE_STANDARD = gnu99;
				GCC_WARN_ABOUT_RETURN_TYPE = YES;
				GCC_WARN_UNINITIALIZED_AUTOS = YES;
				GCC_WARN_UNUSED_VARIABLE = YES;
				IPHONEOS_DEPLOYMENT_TARGET = 6.0;
				OTHER_CFLAGS = "-DNS_BLOCK_ASSERTIONS=1";
				SDKROOT = iphoneos;
				VALIDATE_PRODUCT = YES;
			};
			name = Release;
		};
		1A8A1915164C1C47001122EF /* Debug */ = {
			isa = XCBuildConfiguration;
			buildSettings = {
				GCC_PRECOMPILE_PREFIX_HEADER = YES;
				GCC_PREFIX_HEADER = "Draw With Fire/Draw With Fire-Prefix.pch";
				INFOPLIST_FILE = "Draw With Fire/Draw With Fire-Info.plist";
				PRODUCT_NAME = "$(TARGET_NAME)";
				WRAPPER_EXTENSION = app;
			};
			name = Debug;
		};
		1A8A1916164C1C47001122EF /* Release */ = {
			isa = XCBuildConfiguration;
			buildSettings = {
				GCC_PRECOMPILE_PREFIX_HEADER = YES;
				GCC_PREFIX_HEADER = "Draw With Fire/Draw With Fire-Prefix.pch";
				INFOPLIST_FILE = "Draw With Fire/Draw With Fire-Info.plist";
				PRODUCT_NAME = "$(TARGET_NAME)";
				WRAPPER_EXTENSION = app;
			};
			name = Release;
		};
/* End XCBuildConfiguration section */

/* Begin XCConfigurationList section */
		1A8A18EA164C1C46001122EF /* Build configuration list for PBXProject "Draw With Fire" */ = {
			isa = XCConfigurationList;
			buildConfigurations = (
				1A8A1912164C1C47001122EF /* Debug */,
				1A8A1913164C1C47001122EF /* Release */,
			);
			defaultConfigurationIsVisible = 0;
			defaultConfigurationName = Release;
		};
		1A8A1914164C1C47001122EF /* Build configuration list for PBXNativeTarget "Draw With Fire" */ = {
			isa = XCConfigurationList;
			buildConfigurations = (
				1A8A1915164C1C47001122EF /* Debug */,
				1A8A1916164C1C47001122EF /* Release */,
			);
			defaultConfigurationIsVisible = 0;
		};
/* End XCConfigurationList section */
	};
	rootObject = 1A8A18E7164C1C46001122EF /* Project object */;
}
